%{"con_cache": {:hex, :con_cache, "0.12.1", "7553dcd51ee86fd52bd9ea9aa4b33e71bebf0b5fc5ab60e63d2e0bcaa260f937", [], [{:exactor, "~> 2.2.0", [hex: :exactor, repo: "hexpm", optional: false]}], "hexpm"},
  "exactor": {:hex, :exactor, "2.2.3", "a6972f43bb6160afeb73e1d8ab45ba604cd0ac8b5244c557093f6e92ce582786", [], [], "hexpm"}}
